<?xml version="1.0" encoding="utf-8"?>
<Project ToolsVersion="17.0" xmlns="http://schemas.microsoft.com/developer/msbuild/2003">
  <ItemGroup>
    <ClCompile Include="D:\vs projects\Simulator\Simulator_autogen\mocs_compilation_Debug.cpp">
      <Filter>Source Files</Filter>
    </ClCompile>
    <ClCompile Include="D:\vs projects\Simulator\AStarPathfinding.cpp">
      <Filter>Source Files</Filter>
    </ClCompile>
    <ClCompile Include="D:\vs projects\Simulator\AbstractCustomerState.cpp">
      <Filter>Source Files</Filter>
    </ClCompile>
    <ClCompile Include="D:\vs projects\Simulator\Commodity.cpp">
      <Filter>Source Files</Filter>
    </ClCompile>
    <ClCompile Include="D:\vs projects\Simulator\Customer.cpp">
      <Filter>Source Files</Filter>
    </ClCompile>
    <ClCompile Include="D:\vs projects\Simulator\CustomerInfo.cpp">
      <Filter>Source Files</Filter>
    </ClCompile>
    <ClCompile Include="D:\vs projects\Simulator\CustomerMachine.cpp">
      <Filter>Source Files</Filter>
    </ClCompile>
    <ClCompile Include="D:\vs projects\Simulator\CustomerStates.cpp">
      <Filter>Source Files</Filter>
    </ClCompile>
    <ClCompile Include="D:\vs projects\Simulator\Data.cpp">
      <Filter>Source Files</Filter>
    </ClCompile>
    <ClCompile Include="D:\vs projects\Simulator\ExcelTool.cpp">
      <Filter>Source Files</Filter>
    </ClCompile>
    <ClCompile Include="D:\vs projects\Simulator\Map.cpp">
      <Filter>Source Files</Filter>
    </ClCompile>
    <ClCompile Include="D:\vs projects\Simulator\MapCell.cpp">
      <Filter>Source Files</Filter>
    </ClCompile>
    <ClCompile Include="D:\vs projects\Simulator\MapPanel.cpp">
      <Filter>Source Files</Filter>
    </ClCompile>
    <ClCompile Include="D:\vs projects\Simulator\Path.cpp">
      <Filter>Source Files</Filter>
    </ClCompile>
    <ClCompile Include="D:\vs projects\Simulator\Shelf.cpp">
      <Filter>Source Files</Filter>
    </ClCompile>
    <ClCompile Include="D:\vs projects\Simulator\Simulator.cpp">
      <Filter>Source Files</Filter>
    </ClCompile>
    <ClCompile Include="D:\vs projects\Simulator\StateEnter.cpp">
      <Filter>Source Files</Filter>
    </ClCompile>
    <ClCompile Include="D:\vs projects\Simulator\StateFetch.cpp">
      <Filter>Source Files</Filter>
    </ClCompile>
    <ClCompile Include="D:\vs projects\Simulator\StateMove.cpp">
      <Filter>Source Files</Filter>
    </ClCompile>
    <ClCompile Include="D:\vs projects\Simulator\StateQueue.cpp">
      <Filter>Source Files</Filter>
    </ClCompile>
    <ClCompile Include="D:\vs projects\Simulator\StoreManage.cpp">
      <Filter>Source Files</Filter>
    </ClCompile>
    <ClCompile Include="D:\vs projects\Simulator\main.cpp">
      <Filter>Source Files</Filter>
    </ClCompile>
    <ClCompile Include="StateCheckout.cpp">
      <Filter>Source Files</Filter>
    </ClCompile>
  </ItemGroup>
  <ItemGroup>
    <ClInclude Include="D:\vs projects\Simulator\AStarPathfinding.h">
      <Filter>Header Files</Filter>
    </ClInclude>
    <ClInclude Include="D:\vs projects\Simulator\AbstractCustomerState.h">
      <Filter>Header Files</Filter>
    </ClInclude>
    <ClInclude Include="D:\vs projects\Simulator\Commodity.h">
      <Filter>Header Files</Filter>
    </ClInclude>
    <ClInclude Include="D:\vs projects\Simulator\Customer.h">
      <Filter>Header Files</Filter>
    </ClInclude>
    <ClInclude Include="D:\vs projects\Simulator\CustomerInfo.h">
      <Filter>Header Files</Filter>
    </ClInclude>
    <ClInclude Include="D:\vs projects\Simulator\CustomerMachine.h">
      <Filter>Header Files</Filter>
    </ClInclude>
    <ClInclude Include="D:\vs projects\Simulator\CustomerStates.h">
      <Filter>Header Files</Filter>
    </ClInclude>
    <ClInclude Include="D:\vs projects\Simulator\Data.h">
      <Filter>Header Files</Filter>
    </ClInclude>
    <ClInclude Include="D:\vs projects\Simulator\ExcelTool.h">
      <Filter>Header Files</Filter>
    </ClInclude>
    <ClInclude Include="D:\vs projects\Simulator\Map.h">
      <Filter>Header Files</Filter>
    </ClInclude>
    <ClInclude Include="D:\vs projects\Simulator\MapCell.h">
      <Filter>Header Files</Filter>
    </ClInclude>
    <ClInclude Include="D:\vs projects\Simulator\MapPanel.h">
      <Filter>Header Files</Filter>
    </ClInclude>
    <ClInclude Include="D:\vs projects\Simulator\Path.h">
      <Filter>Header Files</Filter>
    </ClInclude>
    <ClInclude Include="D:\vs projects\Simulator\Shelf.h">
      <Filter>Header Files</Filter>
    </ClInclude>
    <ClInclude Include="D:\vs projects\Simulator\Simulator.h">
      <Filter>Header Files</Filter>
    </ClInclude>
    <ClInclude Include="D:\vs projects\Simulator\StateEnter.h">
      <Filter>Header Files</Filter>
    </ClInclude>
    <ClInclude Include="D:\vs projects\Simulator\StateFetch.h">
      <Filter>Header Files</Filter>
    </ClInclude>
    <ClInclude Include="D:\vs projects\Simulator\StateMove.h">
      <Filter>Header Files</Filter>
    </ClInclude>
    <ClInclude Include="D:\vs projects\Simulator\StateQueue.h">
      <Filter>Header Files</Filter>
    </ClInclude>
    <ClInclude Include="D:\vs projects\Simulator\StoreManage.h">
      <Filter>Header Files</Filter>
    </ClInclude>
    <ClInclude Include="StateCheckout.h">
      <Filter>Header Files</Filter>
    </ClInclude>
  </ItemGroup>
  <ItemGroup>
    <CustomBuild Include="D:\vs projects\Simulator\CMakeLists.txt" />
  </ItemGroup>
  <ItemGroup>
    <Filter Include="Header Files">
      <UniqueIdentifier>{F6B35499-4DCE-3A8C-B737-B57AF8DC3A11}</UniqueIdentifier>
    </Filter>
    <Filter Include="Source Files">
      <UniqueIdentifier>{7027B185-A2A3-3DDB-8A1A-2BFD8C8EEB7F}</UniqueIdentifier>
    </Filter>
  </ItemGroup>
</Project>