<?xml version="1.0" encoding="utf-8"?>
<Project ToolsVersion="17.0" xmlns="http://schemas.microsoft.com/developer/msbuild/2003">
  <ItemGroup>
    <CustomBuild Include="D:\vs projects\Simulator\CMakeFiles\489b928abf822fa7586bd5517dd48a21\generate.stamp.rule">
      <Filter>CMake Rules</Filter>
    </CustomBuild>
  </ItemGroup>
  <ItemGroup>
    <Filter Include="CMake Rules">
      <UniqueIdentifier>{412BF03E-6A1E-3046-A2AA-5AAF0E581B84}</UniqueIdentifier>
    </Filter>
  </ItemGroup>
</Project>
